
Microsoft Visual Studio Solution File, Format Version 12.00
# Visual Studio Version 17
Project("{8BC9CEB8-8B4A-11D0-8D11-00A0C91BC942}") = "ALL_BUILD", "ALL_BUILD.vcxproj", "{23A321C2-8963-3AE1-ABB5-FCA9877836AB}"
	ProjectSection(ProjectDependencies) = postProject
		{1C234C34-9474-3863-8CF5-4CB147B317DC} = {1C234C34-9474-3863-8CF5-4CB147B317DC}
		{E9BA8840-39DE-3515-AECD-16DDEE435CC5} = {E9BA8840-39DE-3515-AECD-16DDEE435CC5}
	EndProjectSection
EndProject
Project("{8BC9CEB8-8B4A-11D0-8D11-00A0C91BC942}") = "ZERO_CHECK", "..\..\..\\ZERO_CHECK.vcxproj", "{1C234C34-9474-3863-8CF5-4CB147B317DC}"
	ProjectSection(ProjectDependencies) = postProject
	EndProjectSection
EndProject
Project("{8BC9CEB8-8B4A-11D0-8D11-00A0C91BC942}") = "messages", "messages.vcxproj", "{E9BA8840-39DE-3515-AECD-16DDEE435CC5}"
	ProjectSection(ProjectDependencies) = postProject
		{1C234C34-9474-3863-8CF5-4CB147B317DC} = {1C234C34-9474-3863-8CF5-4CB147B317DC}
	EndProjectSection
EndProject
Global
	GlobalSection(SolutionConfigurationPlatforms) = preSolution
		Debug|x64 = Debug|x64
		Release|x64 = Release|x64
		MinSizeRel|x64 = MinSizeRel|x64
		RelWithDebInfo|x64 = RelWithDebInfo|x64
	EndGlobalSection
	GlobalSection(ProjectConfigurationPlatforms) = postSolution
		{23A321C2-8963-3AE1-ABB5-FCA9877836AB}.Debug|x64.ActiveCfg = Debug|x64
		{23A321C2-8963-3AE1-ABB5-FCA9877836AB}.Release|x64.ActiveCfg = Release|x64
		{23A321C2-8963-3AE1-ABB5-FCA9877836AB}.MinSizeRel|x64.ActiveCfg = MinSizeRel|x64
		{23A321C2-8963-3AE1-ABB5-FCA9877836AB}.RelWithDebInfo|x64.ActiveCfg = RelWithDebInfo|x64
		{1C234C34-9474-3863-8CF5-4CB147B317DC}.Debug|x64.ActiveCfg = Debug|x64
		{1C234C34-9474-3863-8CF5-4CB147B317DC}.Debug|x64.Build.0 = Debug|x64
		{1C234C34-9474-3863-8CF5-4CB147B317DC}.Release|x64.ActiveCfg = Release|x64
		{1C234C34-9474-3863-8CF5-4CB147B317DC}.Release|x64.Build.0 = Release|x64
		{1C234C34-9474-3863-8CF5-4CB147B317DC}.MinSizeRel|x64.ActiveCfg = MinSizeRel|x64
		{1C234C34-9474-3863-8CF5-4CB147B317DC}.MinSizeRel|x64.Build.0 = MinSizeRel|x64
		{1C234C34-9474-3863-8CF5-4CB147B317DC}.RelWithDebInfo|x64.ActiveCfg = RelWithDebInfo|x64
		{1C234C34-9474-3863-8CF5-4CB147B317DC}.RelWithDebInfo|x64.Build.0 = RelWithDebInfo|x64
		{E9BA8840-39DE-3515-AECD-16DDEE435CC5}.Debug|x64.ActiveCfg = Debug|x64
		{E9BA8840-39DE-3515-AECD-16DDEE435CC5}.Debug|x64.Build.0 = Debug|x64
		{E9BA8840-39DE-3515-AECD-16DDEE435CC5}.Release|x64.ActiveCfg = Release|x64
		{E9BA8840-39DE-3515-AECD-16DDEE435CC5}.Release|x64.Build.0 = Release|x64
		{E9BA8840-39DE-3515-AECD-16DDEE435CC5}.MinSizeRel|x64.ActiveCfg = MinSizeRel|x64
		{E9BA8840-39DE-3515-AECD-16DDEE435CC5}.MinSizeRel|x64.Build.0 = MinSizeRel|x64
		{E9BA8840-39DE-3515-AECD-16DDEE435CC5}.RelWithDebInfo|x64.ActiveCfg = RelWithDebInfo|x64
		{E9BA8840-39DE-3515-AECD-16DDEE435CC5}.RelWithDebInfo|x64.Build.0 = RelWithDebInfo|x64
	EndGlobalSection
	GlobalSection(ExtensibilityGlobals) = postSolution
		SolutionGuid = {0AEACB06-4EEC-3CED-AF87-467309F4C324}
	EndGlobalSection
	GlobalSection(ExtensibilityAddIns) = postSolution
	EndGlobalSection
EndGlobal
